{
  "book": "Ars Magica - Definitive Edition (Core Rules)",
  "path": "reviewed/Ars Magica - Definitive Edition (Core Rules).md",
  "sha256": "73e1a0b07daf7442ce29cd72fc5afb2f8ab437748651022c4188b1c7f5c5036f",
  "rulebook": {
    "commit": "9c6aee1",
    "date": "2026-08-16",
    "subject": "Update Ars Magica - Definitive Edition (Core Rules).md"
  },
  "spellsParsed": 360,
  "spellsImported": 325
}
