{
  "book": "Ars Magica - Definitive Edition (Core Rules)",
  "path": "reviewed/Ars Magica - Definitive Edition (Core Rules).md",
  "sha256": "e4c1a0924adc82f42f6e02c05300800caa6915976868ea0eda714051091c7023",
  "rulebook": {
    "commit": "4a6887f",
    "date": "2026-08-01",
    "subject": "Fix various typos in the spell section."
  },
  "spellsParsed": 360,
  "spellsImported": 294
}
