{
  "book": "Ars Magica - Definitive Edition (Core Rules)",
  "path": "reviewed/Ars Magica - Definitive Edition (Core Rules).md",
  "sha256": "33dcdf25364d1b535f3dec9e645f0b95024f978c39d2eb3261d43314e272ff4f",
  "rulebook": {
    "commit": "e292c50",
    "date": "2026-08-09",
    "subject": "Fixed several \"Reg:\" -> \"Req:\""
  },
  "spellsParsed": 360,
  "spellsImported": 294
}
